A	AI-matcher-AWS-hackathon	cc9cb0f6f0c875d86313117c2a28f8aef4ec7c5b
A	AutoSpecAI-Hackathon	ad53e5fb8eeeadc38c0bb8c613be15217b84984b
A	kiro-living-docs-devpost	74e40cb256ff8055692cb347a3095984d2e31c7e
A	gemma-health	e0d953b1c13d09de24bab25b6ca00f642a12f4fc
A	trivia60-aws-game-builder	ebbe8811f3da93b2df553499a5e039f69390ed68
A	gamejam26	5969e4422b87e217d03f631dda09e27b4b570bd9
A	scrum-web-app	02c40988c79f502ac76e8e21a736e46cfa8251fc
A	dragon-haven	9a29a0f927e7769d36065212cd5f3cb6b9da2df6
A	AICIN	032ac7429a1f49850a2fc6efa1834f3fcc7e51ff
A	kiro-rails	aebb6428190b037206304a195e0efebb517779d4
A	info-worker-demo	d3790301e45fc4e54fd17945afcd0b37cf618b73
A	ticket-quality	eaff8e5bc348278b54d5cde7c690854af84b98bf
A	ai-pr-bot	9d1549f98fe48a7bcb64dcf0cd26e846696cf057
B	skillcrossroads	65723badb40950bf8e6fb677c8dc98625f878b80
B	relay	43b7e28c4f225e8d2034d679513b4df1bcd4bbcf
B	orbis-exchange	e0e88b17fd318cc537b58577072b48bdcec514ff
B	mdlink-check	cdd5a8ef46da4b7e1d6b6650f74be54d43917f09
B	orchestra-lite	d3a20c6360af0d0322323715a3570628509bfcde
B	mr-sentinel	533169bb9688f3ee1e00bddb3e5515b41ffe6bbe
